{
  "name": "Backend",
  "lockfileVersion": 3,
  "requires": true,
  "packages": {
    "": {
      "devDependencies": {
        "@iconify-json/heroicons": "^1.2.3",
        "@iconify-json/simple-icons": "^1.2.63"
      }
    },
    "node_modules/@iconify-json/heroicons": {
      "version": "1.2.3",
      "resolved": "https://registry.npmjs.org/@iconify-json/heroicons/-/heroicons-1.2.3.tgz",
      "integrity": "sha512-n+vmCEgTesRsOpp5AB5ILB6srsgsYK+bieoQBNlafvoEhjVXLq8nIGN4B0v/s4DUfa0dOrjwE/cKJgIKdJXOEg==",
      "dev": true,
      "license": "MIT",
      "dependencies": {
        "@iconify/types": "*"
      }
    },
    "node_modules/@iconify-json/simple-icons": {
      "version": "1.2.63",
      "resolved": "https://registry.npmjs.org/@iconify-json/simple-icons/-/simple-icons-1.2.63.tgz",
      "integrity": "sha512-xZl2UWCwE58VlqZ+pDPmaUhE2tq8MVSTJRr4/9nzzHlDdjJ0Ud1VxNXPrwTSgESKY29iCQw3S0r2nJTSNNngHw==",
      "dev": true,
      "license": "CC0-1.0",
      "dependencies": {
        "@iconify/types": "*"
      }
    },
    "node_modules/@iconify/types": {
      "version": "2.0.0",
      "resolved": "https://registry.npmjs.org/@iconify/types/-/types-2.0.0.tgz",
      "integrity": "sha512-+wluvCrRhXrhyOmRDJ3q8mux9JkKy5SJ/v8ol2tu4FVjyYvtEzkc/3pK15ET6RKg4b4w4BmTk1+gsCUhf21Ykg==",
      "dev": true,
      "license": "MIT"
    }
  }
}
